
Microsoft Visual Studio Solution File, Format Version 12.00
# Visual Studio Version 16
VisualStudioVersion = 16.0.31911.196
MinimumVisualStudioVersion = 10.0.40219.1
Project("{FAE04EC0-301F-11D3-BF4B-00C04F79EFBC}") = "BugTracker", "BugTracker\BugTracker.csproj", "{2F6F5A2F-38B8-4933-9EC0-4EC25C3A1AFE}"
EndProject
Global
	GlobalSection(SolutionConfigurationPlatforms) = preSolution
		Debug|Any CPU = Debug|Any CPU
		Release|Any CPU = Release|Any CPU
	EndGlobalSection
	GlobalSection(ProjectConfigurationPlatforms) = postSolution
		{2F6F5A2F-38B8-4933-9EC0-4EC25C3A1AFE}.Debug|Any CPU.ActiveCfg = Debug|Any CPU
		{2F6F5A2F-38B8-4933-9EC0-4EC25C3A1AFE}.Debug|Any CPU.Build.0 = Debug|Any CPU
		{2F6F5A2F-38B8-4933-9EC0-4EC25C3A1AFE}.Release|Any CPU.ActiveCfg = Release|Any CPU
		{2F6F5A2F-38B8-4933-9EC0-4EC25C3A1AFE}.Release|Any CPU.Build.0 = Release|Any CPU
	EndGlobalSection
	GlobalSection(SolutionProperties) = preSolution
		HideSolutionNode = FALSE
	EndGlobalSection
	GlobalSection(ExtensibilityGlobals) = postSolution
		SolutionGuid = {D56AA146-AA6A-4440-9FF4-470EF8372567}
	EndGlobalSection
EndGlobal
